
Microsoft Visual Studio Solution File, Format Version 12.00
# Visual Studio 15
VisualStudioVersion = 15.0.28307.1000
MinimumVisualStudioVersion = 10.0.40219.1
Project("{FAE04EC0-301F-11D3-BF4B-00C04F79EFBC}") = "FluentDemo", "FluentDemo\FluentDemo.csproj", "{7E2457D6-B6F8-4B7A-B673-8F2C3E12C501}"
EndProject
Global
	GlobalSection(SolutionConfigurationPlatforms) = preSolution
		Debug|Any CPU = Debug|Any CPU
		Release|Any CPU = Release|Any CPU
	EndGlobalSection
	GlobalSection(ProjectConfigurationPlatforms) = postSolution
		{7E2457D6-B6F8-4B7A-B673-8F2C3E12C501}.Debug|Any CPU.ActiveCfg = Debug|Any CPU
		{7E2457D6-B6F8-4B7A-B673-8F2C3E12C501}.Debug|Any CPU.Build.0 = Debug|Any CPU
		{7E2457D6-B6F8-4B7A-B673-8F2C3E12C501}.Release|Any CPU.ActiveCfg = Release|Any CPU
		{7E2457D6-B6F8-4B7A-B673-8F2C3E12C501}.Release|Any CPU.Build.0 = Release|Any CPU
	EndGlobalSection
	GlobalSection(SolutionProperties) = preSolution
		HideSolutionNode = FALSE
	EndGlobalSection
	GlobalSection(ExtensibilityGlobals) = postSolution
		SolutionGuid = {E5B92B3E-C122-4B19-87CD-4E952F76D969}
	EndGlobalSection
EndGlobal
